
Microsoft Visual Studio Solution File, Format Version 12.00
# Visual Studio Version 17
VisualStudioVersion = 17.5.33209.295
MinimumVisualStudioVersion = 10.0.40219.1
Project("{8BC9CEB8-8B4A-11D0-8D11-00A0C91BC942}") = "Rectangles", "Rectangles\Rectangles.vcxproj", "{AC7B1AF1-02DC-4999-8ACD-32CC24AC6588}"
EndProject
Project("{2150E333-8FDC-42A3-9474-1A3956D46DE8}") = "a Assignment 1", "a Assignment 1", "{911FCAED-4C21-4800-8267-34A0F5C9EA3D}"
EndProject
Project("{8BC9CEB8-8B4A-11D0-8D11-00A0C91BC942}") = "KmToInches", "KmToIn\Assignment 1.vcxproj", "{5ED5D704-9699-4178-8590-A6EE55E35FF3}"
EndProject
Project("{2150E333-8FDC-42A3-9474-1A3956D46DE8}") = "a Assignment 2", "a Assignment 2", "{B6235D4E-D4B2-431D-BC1C-DEE8C832DC08}"
EndProject
Project("{8BC9CEB8-8B4A-11D0-8D11-00A0C91BC942}") = "A2_Averages", "A2_Averages\A2_Averages.vcxproj", "{66598EE6-DEDC-467C-8F9F-FDD50BAB8341}"
EndProject
Project("{8BC9CEB8-8B4A-11D0-8D11-00A0C91BC942}") = "A2_DateTime", "A2_DateTime\A2_DateTime.vcxproj", "{00470C25-4C05-486E-B988-326C6914DD77}"
EndProject
Project("{2150E333-8FDC-42A3-9474-1A3956D46DE8}") = "a Assignment 3", "a Assignment 3", "{931D9726-87EB-41B4-913F-B0AD3E5584B6}"
EndProject
Project("{8BC9CEB8-8B4A-11D0-8D11-00A0C91BC942}") = "A3_Month", "A3_Month\A3_Month.vcxproj", "{DED518F9-44AD-40AD-B2F1-936882EE9221}"
EndProject
Project("{8BC9CEB8-8B4A-11D0-8D11-00A0C91BC942}") = "A3_President", "A3_President\A3_President.vcxproj", "{C527399F-06FF-40A6-B1B4-E63DF00B6586}"
EndProject
Project("{2150E333-8FDC-42A3-9474-1A3956D46DE8}") = "a Assignment 4", "a Assignment 4", "{CC4BAAF6-7E90-495C-9383-77E58ADCE937}"
EndProject
Project("{8BC9CEB8-8B4A-11D0-8D11-00A0C91BC942}") = "A4_InclusiveLoop", "A4_InclusiveLoop\A4_InclusiveLoop.vcxproj", "{B837282F-DBC8-45EC-AC29-1198A0E562CA}"
EndProject
Project("{8BC9CEB8-8B4A-11D0-8D11-00A0C91BC942}") = "A4_NumCounter", "A4_NumCounter\A4_NumCounter.vcxproj", "{ADABC91B-F5D2-4A37-93C1-0940255EE5A9}"
EndProject
Project("{2150E333-8FDC-42A3-9474-1A3956D46DE8}") = "a Assignment 5", "a Assignment 5", "{2DA21B02-4AFA-46C4-8C6A-D2E2704C9B9D}"
EndProject
Project("{8BC9CEB8-8B4A-11D0-8D11-00A0C91BC942}") = "A5_GuessingGame", "A5_GuessingGame\A5_GuessingGame.vcxproj", "{669AE113-EB54-4B5C-ADC5-ED958036D836}"
EndProject
Project("{2150E333-8FDC-42A3-9474-1A3956D46DE8}") = "a Assignment 6", "a Assignment 6", "{65A711D5-CB92-43B4-B8AF-261D150BBF84}"
EndProject
Project("{8BC9CEB8-8B4A-11D0-8D11-00A0C91BC942}") = "A6_RobberRobber", "A6_RobberRobber\A6_RobberRobber.vcxproj", "{214EE5AE-8F21-40C8-91A4-99B2CDA7E131}"
EndProject
Project("{2150E333-8FDC-42A3-9474-1A3956D46DE8}") = "a Assignment 7", "a Assignment 7", "{6D346B69-0B78-460A-B7AF-C6C936E01917}"
EndProject
Project("{8BC9CEB8-8B4A-11D0-8D11-00A0C91BC942}") = "A7_DiceDice", "A7_DiceDice\A7_DiceDice.vcxproj", "{A548B011-A973-43F7-B3C5-F6305876B82A}"
EndProject
Project("{2150E333-8FDC-42A3-9474-1A3956D46DE8}") = "a Assignment 8", "a Assignment 8", "{05C3ED62-1016-4B70-A981-3409FE1C3560}"
EndProject
Project("{8BC9CEB8-8B4A-11D0-8D11-00A0C91BC942}") = "ArrayProject", "ArrayProject\ArrayProject.vcxproj", "{29409C38-6676-4200-829E-78ED0D87DE1F}"
EndProject
Project("{2150E333-8FDC-42A3-9474-1A3956D46DE8}") = "b Assignment 11", "b Assignment 11", "{61E19F99-B0DA-4B83-986F-63F88AC8703C}"
EndProject
Project("{8BC9CEB8-8B4A-11D0-8D11-00A0C91BC942}") = "StdArraysProject", "StdArraysProject\StdArraysProject.vcxproj", "{4D9D102E-3FAF-4700-9A52-14ECAB4F0B22}"
EndProject
Project("{2150E333-8FDC-42A3-9474-1A3956D46DE8}") = "b Assignment 12", "b Assignment 12", "{F0A90F8B-8682-4E2F-9D94-8BC2D83C8112}"
EndProject
Project("{8BC9CEB8-8B4A-11D0-8D11-00A0C91BC942}") = "A12_Presidents", "A12_Presidents\A12_Presidents.vcxproj", "{3F9FFE6A-A5A7-4620-9C6A-427369EA4F53}"
EndProject
Project("{2150E333-8FDC-42A3-9474-1A3956D46DE8}") = "b Assignment 13", "b Assignment 13", "{62077836-DA58-4E96-BA32-8222171CCC75}"
EndProject
Project("{8BC9CEB8-8B4A-11D0-8D11-00A0C91BC942}") = "A13_2DArrays", "A13_2DArrays\A13_2DArrays.vcxproj", "{0B2966D3-E553-477E-A087-E183ACDE8127}"
EndProject
Global
	GlobalSection(SolutionConfigurationPlatforms) = preSolution
		Debug|x64 = Debug|x64
		Debug|x86 = Debug|x86
		Release|x64 = Release|x64
		Release|x86 = Release|x86
	EndGlobalSection
	GlobalSection(ProjectConfigurationPlatforms) = postSolution
		{AC7B1AF1-02DC-4999-8ACD-32CC24AC6588}.Debug|x64.ActiveCfg = Debug|x64
		{AC7B1AF1-02DC-4999-8ACD-32CC24AC6588}.Debug|x64.Build.0 = Debug|x64
		{AC7B1AF1-02DC-4999-8ACD-32CC24AC6588}.Debug|x86.ActiveCfg = Debug|Win32
		{AC7B1AF1-02DC-4999-8ACD-32CC24AC6588}.Debug|x86.Build.0 = Debug|Win32
		{AC7B1AF1-02DC-4999-8ACD-32CC24AC6588}.Release|x64.ActiveCfg = Release|x64
		{AC7B1AF1-02DC-4999-8ACD-32CC24AC6588}.Release|x64.Build.0 = Release|x64
		{AC7B1AF1-02DC-4999-8ACD-32CC24AC6588}.Release|x86.ActiveCfg = Release|Win32
		{AC7B1AF1-02DC-4999-8ACD-32CC24AC6588}.Release|x86.Build.0 = Release|Win32
		{5ED5D704-9699-4178-8590-A6EE55E35FF3}.Debug|x64.ActiveCfg = Debug|x64
		{5ED5D704-9699-4178-8590-A6EE55E35FF3}.Debug|x64.Build.0 = Debug|x64
		{5ED5D704-9699-4178-8590-A6EE55E35FF3}.Debug|x86.ActiveCfg = Debug|Win32
		{5ED5D704-9699-4178-8590-A6EE55E35FF3}.Debug|x86.Build.0 = Debug|Win32
		{5ED5D704-9699-4178-8590-A6EE55E35FF3}.Release|x64.ActiveCfg = Release|x64
		{5ED5D704-9699-4178-8590-A6EE55E35FF3}.Release|x64.Build.0 = Release|x64
		{5ED5D704-9699-4178-8590-A6EE55E35FF3}.Release|x86.ActiveCfg = Release|Win32
		{5ED5D704-9699-4178-8590-A6EE55E35FF3}.Release|x86.Build.0 = Release|Win32
		{66598EE6-DEDC-467C-8F9F-FDD50BAB8341}.Debug|x64.ActiveCfg = Debug|x64
		{66598EE6-DEDC-467C-8F9F-FDD50BAB8341}.Debug|x64.Build.0 = Debug|x64
		{66598EE6-DEDC-467C-8F9F-FDD50BAB8341}.Debug|x86.ActiveCfg = Debug|Win32
		{66598EE6-DEDC-467C-8F9F-FDD50BAB8341}.Debug|x86.Build.0 = Debug|Win32
		{66598EE6-DEDC-467C-8F9F-FDD50BAB8341}.Release|x64.ActiveCfg = Release|x64
		{66598EE6-DEDC-467C-8F9F-FDD50BAB8341}.Release|x64.Build.0 = Release|x64
		{66598EE6-DEDC-467C-8F9F-FDD50BAB8341}.Release|x86.ActiveCfg = Release|Win32
		{66598EE6-DEDC-467C-8F9F-FDD50BAB8341}.Release|x86.Build.0 = Release|Win32
		{00470C25-4C05-486E-B988-326C6914DD77}.Debug|x64.ActiveCfg = Debug|x64
		{00470C25-4C05-486E-B988-326C6914DD77}.Debug|x64.Build.0 = Debug|x64
		{00470C25-4C05-486E-B988-326C6914DD77}.Debug|x86.ActiveCfg = Debug|Win32
		{00470C25-4C05-486E-B988-326C6914DD77}.Debug|x86.Build.0 = Debug|Win32
		{00470C25-4C05-486E-B988-326C6914DD77}.Release|x64.ActiveCfg = Release|x64
		{00470C25-4C05-486E-B988-326C6914DD77}.Release|x64.Build.0 = Release|x64
		{00470C25-4C05-486E-B988-326C6914DD77}.Release|x86.ActiveCfg = Release|Win32
		{00470C25-4C05-486E-B988-326C6914DD77}.Release|x86.Build.0 = Release|Win32
		{DED518F9-44AD-40AD-B2F1-936882EE9221}.Debug|x64.ActiveCfg = Debug|x64
		{DED518F9-44AD-40AD-B2F1-936882EE9221}.Debug|x64.Build.0 = Debug|x64
		{DED518F9-44AD-40AD-B2F1-936882EE9221}.Debug|x86.ActiveCfg = Debug|Win32
		{DED518F9-44AD-40AD-B2F1-936882EE9221}.Debug|x86.Build.0 = Debug|Win32
		{DED518F9-44AD-40AD-B2F1-936882EE9221}.Release|x64.ActiveCfg = Release|x64
		{DED518F9-44AD-40AD-B2F1-936882EE9221}.Release|x64.Build.0 = Release|x64
		{DED518F9-44AD-40AD-B2F1-936882EE9221}.Release|x86.ActiveCfg = Release|Win32
		{DED518F9-44AD-40AD-B2F1-936882EE9221}.Release|x86.Build.0 = Release|Win32
		{C527399F-06FF-40A6-B1B4-E63DF00B6586}.Debug|x64.ActiveCfg = Debug|x64
		{C527399F-06FF-40A6-B1B4-E63DF00B6586}.Debug|x64.Build.0 = Debug|x64
		{C527399F-06FF-40A6-B1B4-E63DF00B6586}.Debug|x86.ActiveCfg = Debug|Win32
		{C527399F-06FF-40A6-B1B4-E63DF00B6586}.Debug|x86.Build.0 = Debug|Win32
		{C527399F-06FF-40A6-B1B4-E63DF00B6586}.Release|x64.ActiveCfg = Release|x64
		{C527399F-06FF-40A6-B1B4-E63DF00B6586}.Release|x64.Build.0 = Release|x64
		{C527399F-06FF-40A6-B1B4-E63DF00B6586}.Release|x86.ActiveCfg = Release|Win32
		{C527399F-06FF-40A6-B1B4-E63DF00B6586}.Release|x86.Build.0 = Release|Win32
		{B837282F-DBC8-45EC-AC29-1198A0E562CA}.Debug|x64.ActiveCfg = Debug|x64
		{B837282F-DBC8-45EC-AC29-1198A0E562CA}.Debug|x64.Build.0 = Debug|x64
		{B837282F-DBC8-45EC-AC29-1198A0E562CA}.Debug|x86.ActiveCfg = Debug|Win32
		{B837282F-DBC8-45EC-AC29-1198A0E562CA}.Debug|x86.Build.0 = Debug|Win32
		{B837282F-DBC8-45EC-AC29-1198A0E562CA}.Release|x64.ActiveCfg = Release|x64
		{B837282F-DBC8-45EC-AC29-1198A0E562CA}.Release|x64.Build.0 = Release|x64
		{B837282F-DBC8-45EC-AC29-1198A0E562CA}.Release|x86.ActiveCfg = Release|Win32
		{B837282F-DBC8-45EC-AC29-1198A0E562CA}.Release|x86.Build.0 = Release|Win32
		{ADABC91B-F5D2-4A37-93C1-0940255EE5A9}.Debug|x64.ActiveCfg = Debug|x64
		{ADABC91B-F5D2-4A37-93C1-0940255EE5A9}.Debug|x64.Build.0 = Debug|x64
		{ADABC91B-F5D2-4A37-93C1-0940255EE5A9}.Debug|x86.ActiveCfg = Debug|Win32
		{ADABC91B-F5D2-4A37-93C1-0940255EE5A9}.Debug|x86.Build.0 = Debug|Win32
		{ADABC91B-F5D2-4A37-93C1-0940255EE5A9}.Release|x64.ActiveCfg = Release|x64
		{ADABC91B-F5D2-4A37-93C1-0940255EE5A9}.Release|x64.Build.0 = Release|x64
		{ADABC91B-F5D2-4A37-93C1-0940255EE5A9}.Release|x86.ActiveCfg = Release|Win32
		{ADABC91B-F5D2-4A37-93C1-0940255EE5A9}.Release|x86.Build.0 = Release|Win32
		{669AE113-EB54-4B5C-ADC5-ED958036D836}.Debug|x64.ActiveCfg = Debug|x64
		{669AE113-EB54-4B5C-ADC5-ED958036D836}.Debug|x64.Build.0 = Debug|x64
		{669AE113-EB54-4B5C-ADC5-ED958036D836}.Debug|x86.ActiveCfg = Debug|Win32
		{669AE113-EB54-4B5C-ADC5-ED958036D836}.Debug|x86.Build.0 = Debug|Win32
		{669AE113-EB54-4B5C-ADC5-ED958036D836}.Release|x64.ActiveCfg = Release|x64
		{669AE113-EB54-4B5C-ADC5-ED958036D836}.Release|x64.Build.0 = Release|x64
		{669AE113-EB54-4B5C-ADC5-ED958036D836}.Release|x86.ActiveCfg = Release|Win32
		{669AE113-EB54-4B5C-ADC5-ED958036D836}.Release|x86.Build.0 = Release|Win32
		{214EE5AE-8F21-40C8-91A4-99B2CDA7E131}.Debug|x64.ActiveCfg = Debug|x64
		{214EE5AE-8F21-40C8-91A4-99B2CDA7E131}.Debug|x64.Build.0 = Debug|x64
		{214EE5AE-8F21-40C8-91A4-99B2CDA7E131}.Debug|x86.ActiveCfg = Debug|Win32
		{214EE5AE-8F21-40C8-91A4-99B2CDA7E131}.Debug|x86.Build.0 = Debug|Win32
		{214EE5AE-8F21-40C8-91A4-99B2CDA7E131}.Release|x64.ActiveCfg = Release|x64
		{214EE5AE-8F21-40C8-91A4-99B2CDA7E131}.Release|x64.Build.0 = Release|x64
		{214EE5AE-8F21-40C8-91A4-99B2CDA7E131}.Release|x86.ActiveCfg = Release|Win32
		{214EE5AE-8F21-40C8-91A4-99B2CDA7E131}.Release|x86.Build.0 = Release|Win32
		{A548B011-A973-43F7-B3C5-F6305876B82A}.Debug|x64.ActiveCfg = Debug|x64
		{A548B011-A973-43F7-B3C5-F6305876B82A}.Debug|x64.Build.0 = Debug|x64
		{A548B011-A973-43F7-B3C5-F6305876B82A}.Debug|x86.ActiveCfg = Debug|Win32
		{A548B011-A973-43F7-B3C5-F6305876B82A}.Debug|x86.Build.0 = Debug|Win32
		{A548B011-A973-43F7-B3C5-F6305876B82A}.Release|x64.ActiveCfg = Release|x64
		{A548B011-A973-43F7-B3C5-F6305876B82A}.Release|x64.Build.0 = Release|x64
		{A548B011-A973-43F7-B3C5-F6305876B82A}.Release|x86.ActiveCfg = Release|Win32
		{A548B011-A973-43F7-B3C5-F6305876B82A}.Release|x86.Build.0 = Release|Win32
		{29409C38-6676-4200-829E-78ED0D87DE1F}.Debug|x64.ActiveCfg = Debug|x64
		{29409C38-6676-4200-829E-78ED0D87DE1F}.Debug|x64.Build.0 = Debug|x64
		{29409C38-6676-4200-829E-78ED0D87DE1F}.Debug|x86.ActiveCfg = Debug|Win32
		{29409C38-6676-4200-829E-78ED0D87DE1F}.Debug|x86.Build.0 = Debug|Win32
		{29409C38-6676-4200-829E-78ED0D87DE1F}.Release|x64.ActiveCfg = Release|x64
		{29409C38-6676-4200-829E-78ED0D87DE1F}.Release|x64.Build.0 = Release|x64
		{29409C38-6676-4200-829E-78ED0D87DE1F}.Release|x86.ActiveCfg = Release|Win32
		{29409C38-6676-4200-829E-78ED0D87DE1F}.Release|x86.Build.0 = Release|Win32
		{4D9D102E-3FAF-4700-9A52-14ECAB4F0B22}.Debug|x64.ActiveCfg = Debug|x64
		{4D9D102E-3FAF-4700-9A52-14ECAB4F0B22}.Debug|x64.Build.0 = Debug|x64
		{4D9D102E-3FAF-4700-9A52-14ECAB4F0B22}.Debug|x86.ActiveCfg = Debug|Win32
		{4D9D102E-3FAF-4700-9A52-14ECAB4F0B22}.Debug|x86.Build.0 = Debug|Win32
		{4D9D102E-3FAF-4700-9A52-14ECAB4F0B22}.Release|x64.ActiveCfg = Release|x64
		{4D9D102E-3FAF-4700-9A52-14ECAB4F0B22}.Release|x64.Build.0 = Release|x64
		{4D9D102E-3FAF-4700-9A52-14ECAB4F0B22}.Release|x86.ActiveCfg = Release|Win32
		{4D9D102E-3FAF-4700-9A52-14ECAB4F0B22}.Release|x86.Build.0 = Release|Win32
		{3F9FFE6A-A5A7-4620-9C6A-427369EA4F53}.Debug|x64.ActiveCfg = Debug|x64
		{3F9FFE6A-A5A7-4620-9C6A-427369EA4F53}.Debug|x64.Build.0 = Debug|x64
		{3F9FFE6A-A5A7-4620-9C6A-427369EA4F53}.Debug|x86.ActiveCfg = Debug|Win32
		{3F9FFE6A-A5A7-4620-9C6A-427369EA4F53}.Debug|x86.Build.0 = Debug|Win32
		{3F9FFE6A-A5A7-4620-9C6A-427369EA4F53}.Release|x64.ActiveCfg = Release|x64
		{3F9FFE6A-A5A7-4620-9C6A-427369EA4F53}.Release|x64.Build.0 = Release|x64
		{3F9FFE6A-A5A7-4620-9C6A-427369EA4F53}.Release|x86.ActiveCfg = Release|Win32
		{3F9FFE6A-A5A7-4620-9C6A-427369EA4F53}.Release|x86.Build.0 = Release|Win32
		{0B2966D3-E553-477E-A087-E183ACDE8127}.Debug|x64.ActiveCfg = Debug|x64
		{0B2966D3-E553-477E-A087-E183ACDE8127}.Debug|x64.Build.0 = Debug|x64
		{0B2966D3-E553-477E-A087-E183ACDE8127}.Debug|x86.ActiveCfg = Debug|Win32
		{0B2966D3-E553-477E-A087-E183ACDE8127}.Debug|x86.Build.0 = Debug|Win32
		{0B2966D3-E553-477E-A087-E183ACDE8127}.Release|x64.ActiveCfg = Release|x64
		{0B2966D3-E553-477E-A087-E183ACDE8127}.Release|x64.Build.0 = Release|x64
		{0B2966D3-E553-477E-A087-E183ACDE8127}.Release|x86.ActiveCfg = Release|Win32
		{0B2966D3-E553-477E-A087-E183ACDE8127}.Release|x86.Build.0 = Release|Win32
	EndGlobalSection
	GlobalSection(SolutionProperties) = preSolution
		HideSolutionNode = FALSE
	EndGlobalSection
	GlobalSection(NestedProjects) = preSolution
		{AC7B1AF1-02DC-4999-8ACD-32CC24AC6588} = {911FCAED-4C21-4800-8267-34A0F5C9EA3D}
		{5ED5D704-9699-4178-8590-A6EE55E35FF3} = {911FCAED-4C21-4800-8267-34A0F5C9EA3D}
		{66598EE6-DEDC-467C-8F9F-FDD50BAB8341} = {B6235D4E-D4B2-431D-BC1C-DEE8C832DC08}
		{00470C25-4C05-486E-B988-326C6914DD77} = {B6235D4E-D4B2-431D-BC1C-DEE8C832DC08}
		{DED518F9-44AD-40AD-B2F1-936882EE9221} = {931D9726-87EB-41B4-913F-B0AD3E5584B6}
		{C527399F-06FF-40A6-B1B4-E63DF00B6586} = {931D9726-87EB-41B4-913F-B0AD3E5584B6}
		{B837282F-DBC8-45EC-AC29-1198A0E562CA} = {CC4BAAF6-7E90-495C-9383-77E58ADCE937}
		{ADABC91B-F5D2-4A37-93C1-0940255EE5A9} = {CC4BAAF6-7E90-495C-9383-77E58ADCE937}
		{669AE113-EB54-4B5C-ADC5-ED958036D836} = {2DA21B02-4AFA-46C4-8C6A-D2E2704C9B9D}
		{214EE5AE-8F21-40C8-91A4-99B2CDA7E131} = {65A711D5-CB92-43B4-B8AF-261D150BBF84}
		{A548B011-A973-43F7-B3C5-F6305876B82A} = {6D346B69-0B78-460A-B7AF-C6C936E01917}
		{29409C38-6676-4200-829E-78ED0D87DE1F} = {05C3ED62-1016-4B70-A981-3409FE1C3560}
		{4D9D102E-3FAF-4700-9A52-14ECAB4F0B22} = {61E19F99-B0DA-4B83-986F-63F88AC8703C}
		{3F9FFE6A-A5A7-4620-9C6A-427369EA4F53} = {F0A90F8B-8682-4E2F-9D94-8BC2D83C8112}
		{0B2966D3-E553-477E-A087-E183ACDE8127} = {62077836-DA58-4E96-BA32-8222171CCC75}
	EndGlobalSection
	GlobalSection(ExtensibilityGlobals) = postSolution
		SolutionGuid = {B98D1B4A-526C-4563-A24C-91B8521673BB}
	EndGlobalSection
EndGlobal
