
Microsoft Visual Studio Solution File, Format Version 12.00
# Visual Studio Version 17
VisualStudioVersion = 17.5.33209.295
MinimumVisualStudioVersion = 10.0.40219.1
Project("{8BC9CEB8-8B4A-11D0-8D11-00A0C91BC942}") = "Rectangles", "Rectangles\Rectangles.vcxproj", "{AC7B1AF1-02DC-4999-8ACD-32CC24AC6588}"
EndProject
Project("{2150E333-8FDC-42A3-9474-1A3956D46DE8}") = "Assignment 1", "Assignment 1", "{911FCAED-4C21-4800-8267-34A0F5C9EA3D}"
EndProject
Project("{8BC9CEB8-8B4A-11D0-8D11-00A0C91BC942}") = "KmToInches", "KmToIn\Assignment 1.vcxproj", "{5ED5D704-9699-4178-8590-A6EE55E35FF3}"
EndProject
Project("{2150E333-8FDC-42A3-9474-1A3956D46DE8}") = "Assignment 2", "Assignment 2", "{B6235D4E-D4B2-431D-BC1C-DEE8C832DC08}"
EndProject
Project("{8BC9CEB8-8B4A-11D0-8D11-00A0C91BC942}") = "A2_Averages", "A2_Averages\A2_Averages.vcxproj", "{66598EE6-DEDC-467C-8F9F-FDD50BAB8341}"
EndProject
Project("{8BC9CEB8-8B4A-11D0-8D11-00A0C91BC942}") = "A2_DateTime", "A2_DateTime\A2_DateTime.vcxproj", "{00470C25-4C05-486E-B988-326C6914DD77}"
EndProject
Project("{2150E333-8FDC-42A3-9474-1A3956D46DE8}") = "Assignment 3", "Assignment 3", "{931D9726-87EB-41B4-913F-B0AD3E5584B6}"
EndProject
Project("{8BC9CEB8-8B4A-11D0-8D11-00A0C91BC942}") = "A3_Month", "A3_Month\A3_Month.vcxproj", "{DED518F9-44AD-40AD-B2F1-936882EE9221}"
EndProject
Project("{8BC9CEB8-8B4A-11D0-8D11-00A0C91BC942}") = "A3_President", "A3_President\A3_President.vcxproj", "{C527399F-06FF-40A6-B1B4-E63DF00B6586}"
EndProject
Global
	GlobalSection(SolutionConfigurationPlatforms) = preSolution
		Debug|x64 = Debug|x64
		Debug|x86 = Debug|x86
		Release|x64 = Release|x64
		Release|x86 = Release|x86
	EndGlobalSection
	GlobalSection(ProjectConfigurationPlatforms) = postSolution
		{AC7B1AF1-02DC-4999-8ACD-32CC24AC6588}.Debug|x64.ActiveCfg = Debug|x64
		{AC7B1AF1-02DC-4999-8ACD-32CC24AC6588}.Debug|x64.Build.0 = Debug|x64
		{AC7B1AF1-02DC-4999-8ACD-32CC24AC6588}.Debug|x86.ActiveCfg = Debug|Win32
		{AC7B1AF1-02DC-4999-8ACD-32CC24AC6588}.Debug|x86.Build.0 = Debug|Win32
		{AC7B1AF1-02DC-4999-8ACD-32CC24AC6588}.Release|x64.ActiveCfg = Release|x64
		{AC7B1AF1-02DC-4999-8ACD-32CC24AC6588}.Release|x64.Build.0 = Release|x64
		{AC7B1AF1-02DC-4999-8ACD-32CC24AC6588}.Release|x86.ActiveCfg = Release|Win32
		{AC7B1AF1-02DC-4999-8ACD-32CC24AC6588}.Release|x86.Build.0 = Release|Win32
		{5ED5D704-9699-4178-8590-A6EE55E35FF3}.Debug|x64.ActiveCfg = Debug|x64
		{5ED5D704-9699-4178-8590-A6EE55E35FF3}.Debug|x64.Build.0 = Debug|x64
		{5ED5D704-9699-4178-8590-A6EE55E35FF3}.Debug|x86.ActiveCfg = Debug|Win32
		{5ED5D704-9699-4178-8590-A6EE55E35FF3}.Debug|x86.Build.0 = Debug|Win32
		{5ED5D704-9699-4178-8590-A6EE55E35FF3}.Release|x64.ActiveCfg = Release|x64
		{5ED5D704-9699-4178-8590-A6EE55E35FF3}.Release|x64.Build.0 = Release|x64
		{5ED5D704-9699-4178-8590-A6EE55E35FF3}.Release|x86.ActiveCfg = Release|Win32
		{5ED5D704-9699-4178-8590-A6EE55E35FF3}.Release|x86.Build.0 = Release|Win32
		{66598EE6-DEDC-467C-8F9F-FDD50BAB8341}.Debug|x64.ActiveCfg = Debug|x64
		{66598EE6-DEDC-467C-8F9F-FDD50BAB8341}.Debug|x64.Build.0 = Debug|x64
		{66598EE6-DEDC-467C-8F9F-FDD50BAB8341}.Debug|x86.ActiveCfg = Debug|Win32
		{66598EE6-DEDC-467C-8F9F-FDD50BAB8341}.Debug|x86.Build.0 = Debug|Win32
		{66598EE6-DEDC-467C-8F9F-FDD50BAB8341}.Release|x64.ActiveCfg = Release|x64
		{66598EE6-DEDC-467C-8F9F-FDD50BAB8341}.Release|x64.Build.0 = Release|x64
		{66598EE6-DEDC-467C-8F9F-FDD50BAB8341}.Release|x86.ActiveCfg = Release|Win32
		{66598EE6-DEDC-467C-8F9F-FDD50BAB8341}.Release|x86.Build.0 = Release|Win32
		{00470C25-4C05-486E-B988-326C6914DD77}.Debug|x64.ActiveCfg = Debug|x64
		{00470C25-4C05-486E-B988-326C6914DD77}.Debug|x64.Build.0 = Debug|x64
		{00470C25-4C05-486E-B988-326C6914DD77}.Debug|x86.ActiveCfg = Debug|Win32
		{00470C25-4C05-486E-B988-326C6914DD77}.Debug|x86.Build.0 = Debug|Win32
		{00470C25-4C05-486E-B988-326C6914DD77}.Release|x64.ActiveCfg = Release|x64
		{00470C25-4C05-486E-B988-326C6914DD77}.Release|x64.Build.0 = Release|x64
		{00470C25-4C05-486E-B988-326C6914DD77}.Release|x86.ActiveCfg = Release|Win32
		{00470C25-4C05-486E-B988-326C6914DD77}.Release|x86.Build.0 = Release|Win32
		{DED518F9-44AD-40AD-B2F1-936882EE9221}.Debug|x64.ActiveCfg = Debug|x64
		{DED518F9-44AD-40AD-B2F1-936882EE9221}.Debug|x64.Build.0 = Debug|x64
		{DED518F9-44AD-40AD-B2F1-936882EE9221}.Debug|x86.ActiveCfg = Debug|Win32
		{DED518F9-44AD-40AD-B2F1-936882EE9221}.Debug|x86.Build.0 = Debug|Win32
		{DED518F9-44AD-40AD-B2F1-936882EE9221}.Release|x64.ActiveCfg = Release|x64
		{DED518F9-44AD-40AD-B2F1-936882EE9221}.Release|x64.Build.0 = Release|x64
		{DED518F9-44AD-40AD-B2F1-936882EE9221}.Release|x86.ActiveCfg = Release|Win32
		{DED518F9-44AD-40AD-B2F1-936882EE9221}.Release|x86.Build.0 = Release|Win32
		{C527399F-06FF-40A6-B1B4-E63DF00B6586}.Debug|x64.ActiveCfg = Debug|x64
		{C527399F-06FF-40A6-B1B4-E63DF00B6586}.Debug|x64.Build.0 = Debug|x64
		{C527399F-06FF-40A6-B1B4-E63DF00B6586}.Debug|x86.ActiveCfg = Debug|Win32
		{C527399F-06FF-40A6-B1B4-E63DF00B6586}.Debug|x86.Build.0 = Debug|Win32
		{C527399F-06FF-40A6-B1B4-E63DF00B6586}.Release|x64.ActiveCfg = Release|x64
		{C527399F-06FF-40A6-B1B4-E63DF00B6586}.Release|x64.Build.0 = Release|x64
		{C527399F-06FF-40A6-B1B4-E63DF00B6586}.Release|x86.ActiveCfg = Release|Win32
		{C527399F-06FF-40A6-B1B4-E63DF00B6586}.Release|x86.Build.0 = Release|Win32
	EndGlobalSection
	GlobalSection(SolutionProperties) = preSolution
		HideSolutionNode = FALSE
	EndGlobalSection
	GlobalSection(NestedProjects) = preSolution
		{AC7B1AF1-02DC-4999-8ACD-32CC24AC6588} = {911FCAED-4C21-4800-8267-34A0F5C9EA3D}
		{5ED5D704-9699-4178-8590-A6EE55E35FF3} = {911FCAED-4C21-4800-8267-34A0F5C9EA3D}
		{66598EE6-DEDC-467C-8F9F-FDD50BAB8341} = {B6235D4E-D4B2-431D-BC1C-DEE8C832DC08}
		{00470C25-4C05-486E-B988-326C6914DD77} = {B6235D4E-D4B2-431D-BC1C-DEE8C832DC08}
		{DED518F9-44AD-40AD-B2F1-936882EE9221} = {931D9726-87EB-41B4-913F-B0AD3E5584B6}
		{C527399F-06FF-40A6-B1B4-E63DF00B6586} = {931D9726-87EB-41B4-913F-B0AD3E5584B6}
	EndGlobalSection
	GlobalSection(ExtensibilityGlobals) = postSolution
		SolutionGuid = {B98D1B4A-526C-4563-A24C-91B8521673BB}
	EndGlobalSection
EndGlobal
